// !$*UTF8*$!
{
	archiveVersion = 1;
	classes = {
	};
	objectVersion = 46;
	objects = {

/* Begin PBXBuildFile section */
		92699F691EE8EA93008EDC56 /* Enviroment.swift in Sources */ = {isa = PBXBuildFile; fileRef = 92699F671EE8EA93008EDC56 /* Enviroment.swift */; };
		92699F6A1EE8EA93008EDC56 /* Configuration.swift in Sources */ = {isa = PBXBuildFile; fileRef = 92699F681EE8EA93008EDC56 /* Configuration.swift */; };
		92699F701EEC9CBD008EDC56 /* WelcomeFormViewController.swift in Sources */ = {isa = PBXBuildFile; fileRef = 92699F6F1EEC9CBD008EDC56 /* WelcomeFormViewController.swift */; };
		92699F741EEC9D0A008EDC56 /* WelcomeFormView.swift in Sources */ = {isa = PBXBuildFile; fileRef = 92699F731EEC9D0A008EDC56 /* WelcomeFormView.swift */; };
		92699F771EEC9D33008EDC56 /* ForwardAccessoryView.swift in Sources */ = {isa = PBXBuildFile; fileRef = 92699F761EEC9D33008EDC56 /* ForwardAccessoryView.swift */; };
		92699F7A1EEC9D5F008EDC56 /* AdmissionFormViewController.swift in Sources */ = {isa = PBXBuildFile; fileRef = 92699F791EEC9D5F008EDC56 /* AdmissionFormViewController.swift */; };
		92699F7D1EEC9D7D008EDC56 /* LoginViewController.swift in Sources */ = {isa = PBXBuildFile; fileRef = 92699F7C1EEC9D7D008EDC56 /* LoginViewController.swift */; };
		92699F801EEC9D90008EDC56 /* LogInDataStore.swift in Sources */ = {isa = PBXBuildFile; fileRef = 92699F7F1EEC9D90008EDC56 /* LogInDataStore.swift */; };
		92699F831EEC9DA8008EDC56 /* SignUpViewController.swift in Sources */ = {isa = PBXBuildFile; fileRef = 92699F821EEC9DA8008EDC56 /* SignUpViewController.swift */; };
		92699F861EEC9DB9008EDC56 /* SignUpDataStore.swift in Sources */ = {isa = PBXBuildFile; fileRef = 92699F851EEC9DB9008EDC56 /* SignUpDataStore.swift */; };
		92699F891EEC9DD2008EDC56 /* NameViewController.swift in Sources */ = {isa = PBXBuildFile; fileRef = 92699F881EEC9DD2008EDC56 /* NameViewController.swift */; };
		92699F8C1EEC9DE0008EDC56 /* NameDataStore.swift in Sources */ = {isa = PBXBuildFile; fileRef = 92699F8B1EEC9DE0008EDC56 /* NameDataStore.swift */; };
		92699F8E1EEC9EF4008EDC56 /* User.swift in Sources */ = {isa = PBXBuildFile; fileRef = 92699F8D1EEC9EF4008EDC56 /* User.swift */; };
		92699F941EED03C5008EDC56 /* Banner.swift in Sources */ = {isa = PBXBuildFile; fileRef = 92699F931EED03C5008EDC56 /* Banner.swift */; };
		92C66ED21EE1370100CA8292 /* AppDelegate.swift in Sources */ = {isa = PBXBuildFile; fileRef = 92C66ED11EE1370100CA8292 /* AppDelegate.swift */; };
		92C66ED91EE1370100CA8292 /* Assets.xcassets in Resources */ = {isa = PBXBuildFile; fileRef = 92C66ED81EE1370100CA8292 /* Assets.xcassets */; };
		92C66EDC1EE1370100CA8292 /* LaunchScreen.storyboard in Resources */ = {isa = PBXBuildFile; fileRef = 92C66EDA1EE1370100CA8292 /* LaunchScreen.storyboard */; };
		92C66EE71EE1382600CA8292 /* MainSearchingView.swift in Sources */ = {isa = PBXBuildFile; fileRef = 92C66EE61EE1382600CA8292 /* MainSearchingView.swift */; };
		92C66EEA1EE13A8100CA8292 /* CustomSearchBar.swift in Sources */ = {isa = PBXBuildFile; fileRef = 92C66EE91EE13A8100CA8292 /* CustomSearchBar.swift */; };
		92C66EED1EE13AC900CA8292 /* CustomColors.swift in Sources */ = {isa = PBXBuildFile; fileRef = 92C66EEC1EE13AC900CA8292 /* CustomColors.swift */; };
		92C66EEF1EE13C5B00CA8292 /* Helpers.swift in Sources */ = {isa = PBXBuildFile; fileRef = 92C66EEE1EE13C5B00CA8292 /* Helpers.swift */; };
		92C66EF11EE13CF900CA8292 /* ProductSearchViewController.swift in Sources */ = {isa = PBXBuildFile; fileRef = 92C66EF01EE13CF900CA8292 /* ProductSearchViewController.swift */; };
		92C66EF41EE13D3600CA8292 /* MainSearchingDataStore.swift in Sources */ = {isa = PBXBuildFile; fileRef = 92C66EF31EE13D3600CA8292 /* MainSearchingDataStore.swift */; };
		92C66EF91EE13EB800CA8292 /* MainSearchTableViewCell.swift in Sources */ = {isa = PBXBuildFile; fileRef = 92C66EF81EE13EB800CA8292 /* MainSearchTableViewCell.swift */; };
		92C66EFE1EE1417F00CA8292 /* ProductTypeParse.swift in Sources */ = {isa = PBXBuildFile; fileRef = 92C66EFD1EE1417F00CA8292 /* ProductTypeParse.swift */; };
		92C66F001EE1420900CA8292 /* FabricParse.swift in Sources */ = {isa = PBXBuildFile; fileRef = 92C66EFF1EE1420900CA8292 /* FabricParse.swift */; };
		92C66F031EE1433400CA8292 /* HomeViewController.swift in Sources */ = {isa = PBXBuildFile; fileRef = 92C66F021EE1433400CA8292 /* HomeViewController.swift */; };
		92C66F051EE1490600CA8292 /* ProductType.swift in Sources */ = {isa = PBXBuildFile; fileRef = 92C66F041EE1490600CA8292 /* ProductType.swift */; };
		92C66F081EE1681B00CA8292 /* InputInventoryViewController.swift in Sources */ = {isa = PBXBuildFile; fileRef = 92C66F071EE1681B00CA8292 /* InputInventoryViewController.swift */; };
		92C66F0B1EE16EB400CA8292 /* InputInventoryDataStore.swift in Sources */ = {isa = PBXBuildFile; fileRef = 92C66F0A1EE16EB400CA8292 /* InputInventoryDataStore.swift */; };
		92C66F0F1EE20F1D00CA8292 /* TrackingFormViewController.swift in Sources */ = {isa = PBXBuildFile; fileRef = 92C66F0E1EE20F1D00CA8292 /* TrackingFormViewController.swift */; };
		92C66F121EE20F7200CA8292 /* TrackingFormView.swift in Sources */ = {isa = PBXBuildFile; fileRef = 92C66F111EE20F7200CA8292 /* TrackingFormView.swift */; };
		92C66F141EE211EB00CA8292 /* CuttingFormViewController.swift in Sources */ = {isa = PBXBuildFile; fileRef = 92C66F131EE211EB00CA8292 /* CuttingFormViewController.swift */; };
		92C66F171EE2123200CA8292 /* CuttingFormDataStore.swift in Sources */ = {isa = PBXBuildFile; fileRef = 92C66F161EE2123200CA8292 /* CuttingFormDataStore.swift */; };
		92C66F191EE212D800CA8292 /* LineItemParse.swift in Sources */ = {isa = PBXBuildFile; fileRef = 92C66F181EE212D800CA8292 /* LineItemParse.swift */; };
		92C66F1D1EE22D1F00CA8292 /* SewingFormViewController.swift in Sources */ = {isa = PBXBuildFile; fileRef = 92C66F1C1EE22D1F00CA8292 /* SewingFormViewController.swift */; };
		92C66F1F1EE22D5D00CA8292 /* SewingFormDataStore.swift in Sources */ = {isa = PBXBuildFile; fileRef = 92C66F1E1EE22D5D00CA8292 /* SewingFormDataStore.swift */; };
		92C66F221EE22DEA00CA8292 /* TrackingFormDataStore.swift in Sources */ = {isa = PBXBuildFile; fileRef = 92C66F211EE22DEA00CA8292 /* TrackingFormDataStore.swift */; };
		92C66F261EE231BD00CA8292 /* PackageFormDataStore.swift in Sources */ = {isa = PBXBuildFile; fileRef = 92C66F251EE231BD00CA8292 /* PackageFormDataStore.swift */; };
		92C66F281EE2342900CA8292 /* PackageFormViewController.swift in Sources */ = {isa = PBXBuildFile; fileRef = 92C66F271EE2342900CA8292 /* PackageFormViewController.swift */; };
		92C66F2D1EE2353A00CA8292 /* QualityFormViewController.swift in Sources */ = {isa = PBXBuildFile; fileRef = 92C66F2C1EE2353A00CA8292 /* QualityFormViewController.swift */; };
		92C66F2F1EE2354800CA8292 /* QualityFormDataStore.swift in Sources */ = {isa = PBXBuildFile; fileRef = 92C66F2E1EE2354800CA8292 /* QualityFormDataStore.swift */; };
		92C66F321EE2559B00CA8292 /* PickOrderViewController.swift in Sources */ = {isa = PBXBuildFile; fileRef = 92C66F311EE2559B00CA8292 /* PickOrderViewController.swift */; };
		92C66F351EE2566100CA8292 /* OrderParse.swift in Sources */ = {isa = PBXBuildFile; fileRef = 92C66F341EE2566100CA8292 /* OrderParse.swift */; };
		92C66F371EE2569F00CA8292 /* Order.swift in Sources */ = {isa = PBXBuildFile; fileRef = 92C66F361EE2569F00CA8292 /* Order.swift */; };
		92C66F3A1EE2570D00CA8292 /* PickOrderTableViewCell.swift in Sources */ = {isa = PBXBuildFile; fileRef = 92C66F391EE2570D00CA8292 /* PickOrderTableViewCell.swift */; };
		92C66F3D1EE25ABF00CA8292 /* LineItem.swift in Sources */ = {isa = PBXBuildFile; fileRef = 92C66F3C1EE25ABF00CA8292 /* LineItem.swift */; };
		92C66F401EE25C3400CA8292 /* PickListItemViewController.swift in Sources */ = {isa = PBXBuildFile; fileRef = 92C66F3F1EE25C3400CA8292 /* PickListItemViewController.swift */; };
		92C66F431EE25CA800CA8292 /* PickItemTableViewCell.swift in Sources */ = {isa = PBXBuildFile; fileRef = 92C66F421EE25CA800CA8292 /* PickItemTableViewCell.swift */; };
		92C66F461EE2693B00CA8292 /* PickItemDataStore.swift in Sources */ = {isa = PBXBuildFile; fileRef = 92C66F451EE2693B00CA8292 /* PickItemDataStore.swift */; };
		92C66F481EE2E4A400CA8292 /* PickOrderDataStore.swift in Sources */ = {isa = PBXBuildFile; fileRef = 92C66F471EE2E4A400CA8292 /* PickOrderDataStore.swift */; };
		92C66F4B1EE2E9C100CA8292 /* CutListViewController.swift in Sources */ = {isa = PBXBuildFile; fileRef = 92C66F4A1EE2E9C100CA8292 /* CutListViewController.swift */; };
		92C66F4D1EE2EBED00CA8292 /* CutListView.swift in Sources */ = {isa = PBXBuildFile; fileRef = 92C66F4C1EE2EBED00CA8292 /* CutListView.swift */; };
		92C66F511EE2EDFF00CA8292 /* CutListDataStore.swift in Sources */ = {isa = PBXBuildFile; fileRef = 92C66F501EE2EDFF00CA8292 /* CutListDataStore.swift */; };
		92C66F531EE5322000CA8292 /* ProductVariantParse.swift in Sources */ = {isa = PBXBuildFile; fileRef = 92C66F521EE5322000CA8292 /* ProductVariantParse.swift */; };
		92C66F551EE5327C00CA8292 /* ProductVariant.swift in Sources */ = {isa = PBXBuildFile; fileRef = 92C66F541EE5327C00CA8292 /* ProductVariant.swift */; };
		D6B19A08BF665B2FA5A4C32D /* Pods_HippiesEcosystem.framework in Frameworks */ = {isa = PBXBuildFile; fileRef = A84C2EA6A6B416856716234F /* Pods_HippiesEcosystem.framework */; };
/* End PBXBuildFile section */

/* Begin PBXFileReference section */
		135E1988B26BD50D4A1461E7 /* Pods-HippiesEcosystem.release.xcconfig */ = {isa = PBXFileReference; includeInIndex = 1; lastKnownFileType = text.xcconfig; name = "Pods-HippiesEcosystem.release.xcconfig"; path = "Pods/Target Support Files/Pods-HippiesEcosystem/Pods-HippiesEcosystem.release.xcconfig"; sourceTree = "<group>"; };
		527E5FB96BF6BA46DABF0DD0 /* Pods-HippiesEcosystem.debug.xcconfig */ = {isa = PBXFileReference; includeInIndex = 1; lastKnownFileType = text.xcconfig; name = "Pods-HippiesEcosystem.debug.xcconfig"; path = "Pods/Target Support Files/Pods-HippiesEcosystem/Pods-HippiesEcosystem.debug.xcconfig"; sourceTree = "<group>"; };
		8B60980DBB0B09CDC321CF0C /* Pods-HippiesEcosystem.debug (staging).xcconfig */ = {isa = PBXFileReference; includeInIndex = 1; lastKnownFileType = text.xcconfig; name = "Pods-HippiesEcosystem.debug (staging).xcconfig"; path = "Pods/Target Support Files/Pods-HippiesEcosystem/Pods-HippiesEcosystem.debug (staging).xcconfig"; sourceTree = "<group>"; };
		92699F671EE8EA93008EDC56 /* Enviroment.swift */ = {isa = PBXFileReference; fileEncoding = 4; lastKnownFileType = sourcecode.swift; path = Enviroment.swift; sourceTree = "<group>"; };
		92699F681EE8EA93008EDC56 /* Configuration.swift */ = {isa = PBXFileReference; fileEncoding = 4; lastKnownFileType = sourcecode.swift; path = Configuration.swift; sourceTree = "<group>"; };
		92699F6F1EEC9CBD008EDC56 /* WelcomeFormViewController.swift */ = {isa = PBXFileReference; fileEncoding = 4; lastKnownFileType = sourcecode.swift; path = WelcomeFormViewController.swift; sourceTree = "<group>"; };
		92699F731EEC9D0A008EDC56 /* WelcomeFormView.swift */ = {isa = PBXFileReference; fileEncoding = 4; lastKnownFileType = sourcecode.swift; path = WelcomeFormView.swift; sourceTree = "<group>"; };
		92699F761EEC9D33008EDC56 /* ForwardAccessoryView.swift */ = {isa = PBXFileReference; fileEncoding = 4; lastKnownFileType = sourcecode.swift; path = ForwardAccessoryView.swift; sourceTree = "<group>"; };
		92699F791EEC9D5F008EDC56 /* AdmissionFormViewController.swift */ = {isa = PBXFileReference; fileEncoding = 4; lastKnownFileType = sourcecode.swift; path = AdmissionFormViewController.swift; sourceTree = "<group>"; };
		92699F7C1EEC9D7D008EDC56 /* LoginViewController.swift */ = {isa = PBXFileReference; fileEncoding = 4; lastKnownFileType = sourcecode.swift; path = LoginViewController.swift; sourceTree = "<group>"; };
		92699F7F1EEC9D90008EDC56 /* LogInDataStore.swift */ = {isa = PBXFileReference; fileEncoding = 4; lastKnownFileType = sourcecode.swift; path = LogInDataStore.swift; sourceTree = "<group>"; };
		92699F821EEC9DA8008EDC56 /* SignUpViewController.swift */ = {isa = PBXFileReference; fileEncoding = 4; lastKnownFileType = sourcecode.swift; path = SignUpViewController.swift; sourceTree = "<group>"; };
		92699F851EEC9DB9008EDC56 /* SignUpDataStore.swift */ = {isa = PBXFileReference; fileEncoding = 4; lastKnownFileType = sourcecode.swift; path = SignUpDataStore.swift; sourceTree = "<group>"; };
		92699F881EEC9DD2008EDC56 /* NameViewController.swift */ = {isa = PBXFileReference; fileEncoding = 4; lastKnownFileType = sourcecode.swift; path = NameViewController.swift; sourceTree = "<group>"; };
		92699F8B1EEC9DE0008EDC56 /* NameDataStore.swift */ = {isa = PBXFileReference; fileEncoding = 4; lastKnownFileType = sourcecode.swift; path = NameDataStore.swift; sourceTree = "<group>"; };
		92699F8D1EEC9EF4008EDC56 /* User.swift */ = {isa = PBXFileReference; fileEncoding = 4; lastKnownFileType = sourcecode.swift; path = User.swift; sourceTree = "<group>"; };
		92699F931EED03C5008EDC56 /* Banner.swift */ = {isa = PBXFileReference; fileEncoding = 4; lastKnownFileType = sourcecode.swift; path = Banner.swift; sourceTree = "<group>"; };
		92C66ECE1EE1370100CA8292 /* HippiesEcosystem.app */ = {isa = PBXFileReference; explicitFileType = wrapper.application; includeInIndex = 0; path = HippiesEcosystem.app; sourceTree = BUILT_PRODUCTS_DIR; };
		92C66ED11EE1370100CA8292 /* AppDelegate.swift */ = {isa = PBXFileReference; lastKnownFileType = sourcecode.swift; path = AppDelegate.swift; sourceTree = "<group>"; };
		92C66ED81EE1370100CA8292 /* Assets.xcassets */ = {isa = PBXFileReference; lastKnownFileType = folder.assetcatalog; path = Assets.xcassets; sourceTree = "<group>"; };
		92C66EDB1EE1370100CA8292 /* Base */ = {isa = PBXFileReference; lastKnownFileType = file.storyboard; name = Base; path = Base.lproj/LaunchScreen.storyboard; sourceTree = "<group>"; };
		92C66EDD1EE1370100CA8292 /* Info.plist */ = {isa = PBXFileReference; lastKnownFileType = text.plist.xml; path = Info.plist; sourceTree = "<group>"; };
		92C66EE61EE1382600CA8292 /* MainSearchingView.swift */ = {isa = PBXFileReference; fileEncoding = 4; lastKnownFileType = sourcecode.swift; path = MainSearchingView.swift; sourceTree = "<group>"; };
		92C66EE91EE13A8100CA8292 /* CustomSearchBar.swift */ = {isa = PBXFileReference; fileEncoding = 4; lastKnownFileType = sourcecode.swift; path = CustomSearchBar.swift; sourceTree = "<group>"; };
		92C66EEC1EE13AC900CA8292 /* CustomColors.swift */ = {isa = PBXFileReference; fileEncoding = 4; lastKnownFileType = sourcecode.swift; path = CustomColors.swift; sourceTree = "<group>"; };
		92C66EEE1EE13C5B00CA8292 /* Helpers.swift */ = {isa = PBXFileReference; fileEncoding = 4; lastKnownFileType = sourcecode.swift; path = Helpers.swift; sourceTree = "<group>"; };
		92C66EF01EE13CF900CA8292 /* ProductSearchViewController.swift */ = {isa = PBXFileReference; fileEncoding = 4; lastKnownFileType = sourcecode.swift; path = ProductSearchViewController.swift; sourceTree = "<group>"; };
		92C66EF31EE13D3600CA8292 /* MainSearchingDataStore.swift */ = {isa = PBXFileReference; fileEncoding = 4; lastKnownFileType = sourcecode.swift; path = MainSearchingDataStore.swift; sourceTree = "<group>"; };
		92C66EF81EE13EB800CA8292 /* MainSearchTableViewCell.swift */ = {isa = PBXFileReference; fileEncoding = 4; lastKnownFileType = sourcecode.swift; path = MainSearchTableViewCell.swift; sourceTree = "<group>"; };
		92C66EFD1EE1417F00CA8292 /* ProductTypeParse.swift */ = {isa = PBXFileReference; fileEncoding = 4; lastKnownFileType = sourcecode.swift; path = ProductTypeParse.swift; sourceTree = "<group>"; };
		92C66EFF1EE1420900CA8292 /* FabricParse.swift */ = {isa = PBXFileReference; fileEncoding = 4; lastKnownFileType = sourcecode.swift; path = FabricParse.swift; sourceTree = "<group>"; };
		92C66F021EE1433400CA8292 /* HomeViewController.swift */ = {isa = PBXFileReference; fileEncoding = 4; lastKnownFileType = sourcecode.swift; path = HomeViewController.swift; sourceTree = "<group>"; };
		92C66F041EE1490600CA8292 /* ProductType.swift */ = {isa = PBXFileReference; fileEncoding = 4; lastKnownFileType = sourcecode.swift; path = ProductType.swift; sourceTree = "<group>"; };
		92C66F071EE1681B00CA8292 /* InputInventoryViewController.swift */ = {isa = PBXFileReference; fileEncoding = 4; lastKnownFileType = sourcecode.swift; path = InputInventoryViewController.swift; sourceTree = "<group>"; };
		92C66F0A1EE16EB400CA8292 /* InputInventoryDataStore.swift */ = {isa = PBXFileReference; fileEncoding = 4; lastKnownFileType = sourcecode.swift; path = InputInventoryDataStore.swift; sourceTree = "<group>"; };
		92C66F0E1EE20F1D00CA8292 /* TrackingFormViewController.swift */ = {isa = PBXFileReference; fileEncoding = 4; lastKnownFileType = sourcecode.swift; path = TrackingFormViewController.swift; sourceTree = "<group>"; };
		92C66F111EE20F7200CA8292 /* TrackingFormView.swift */ = {isa = PBXFileReference; fileEncoding = 4; lastKnownFileType = sourcecode.swift; path = TrackingFormView.swift; sourceTree = "<group>"; };
		92C66F131EE211EB00CA8292 /* CuttingFormViewController.swift */ = {isa = PBXFileReference; fileEncoding = 4; lastKnownFileType = sourcecode.swift; path = CuttingFormViewController.swift; sourceTree = "<group>"; };
		92C66F161EE2123200CA8292 /* CuttingFormDataStore.swift */ = {isa = PBXFileReference; fileEncoding = 4; lastKnownFileType = sourcecode.swift; path = CuttingFormDataStore.swift; sourceTree = "<group>"; };
		92C66F181EE212D800CA8292 /* LineItemParse.swift */ = {isa = PBXFileReference; fileEncoding = 4; lastKnownFileType = sourcecode.swift; path = LineItemParse.swift; sourceTree = "<group>"; };
		92C66F1C1EE22D1F00CA8292 /* SewingFormViewController.swift */ = {isa = PBXFileReference; fileEncoding = 4; lastKnownFileType = sourcecode.swift; path = SewingFormViewController.swift; sourceTree = "<group>"; };
		92C66F1E1EE22D5D00CA8292 /* SewingFormDataStore.swift */ = {isa = PBXFileReference; fileEncoding = 4; lastKnownFileType = sourcecode.swift; path = SewingFormDataStore.swift; sourceTree = "<group>"; };
		92C66F211EE22DEA00CA8292 /* TrackingFormDataStore.swift */ = {isa = PBXFileReference; fileEncoding = 4; lastKnownFileType = sourcecode.swift; path = TrackingFormDataStore.swift; sourceTree = "<group>"; };
		92C66F251EE231BD00CA8292 /* PackageFormDataStore.swift */ = {isa = PBXFileReference; fileEncoding = 4; lastKnownFileType = sourcecode.swift; path = PackageFormDataStore.swift; sourceTree = "<group>"; };
		92C66F271EE2342900CA8292 /* PackageFormViewController.swift */ = {isa = PBXFileReference; fileEncoding = 4; lastKnownFileType = sourcecode.swift; path = PackageFormViewController.swift; sourceTree = "<group>"; };
		92C66F2C1EE2353A00CA8292 /* QualityFormViewController.swift */ = {isa = PBXFileReference; fileEncoding = 4; lastKnownFileType = sourcecode.swift; path = QualityFormViewController.swift; sourceTree = "<group>"; };
		92C66F2E1EE2354800CA8292 /* QualityFormDataStore.swift */ = {isa = PBXFileReference; fileEncoding = 4; lastKnownFileType = sourcecode.swift; path = QualityFormDataStore.swift; sourceTree = "<group>"; };
		92C66F311EE2559B00CA8292 /* PickOrderViewController.swift */ = {isa = PBXFileReference; fileEncoding = 4; lastKnownFileType = sourcecode.swift; path = PickOrderViewController.swift; sourceTree = "<group>"; };
		92C66F341EE2566100CA8292 /* OrderParse.swift */ = {isa = PBXFileReference; fileEncoding = 4; lastKnownFileType = sourcecode.swift; path = OrderParse.swift; sourceTree = "<group>"; };
		92C66F361EE2569F00CA8292 /* Order.swift */ = {isa = PBXFileReference; fileEncoding = 4; lastKnownFileType = sourcecode.swift; path = Order.swift; sourceTree = "<group>"; };
		92C66F391EE2570D00CA8292 /* PickOrderTableViewCell.swift */ = {isa = PBXFileReference; fileEncoding = 4; lastKnownFileType = sourcecode.swift; path = PickOrderTableViewCell.swift; sourceTree = "<group>"; };
		92C66F3C1EE25ABF00CA8292 /* LineItem.swift */ = {isa = PBXFileReference; fileEncoding = 4; lastKnownFileType = sourcecode.swift; path = LineItem.swift; sourceTree = "<group>"; };
		92C66F3F1EE25C3400CA8292 /* PickListItemViewController.swift */ = {isa = PBXFileReference; fileEncoding = 4; lastKnownFileType = sourcecode.swift; path = PickListItemViewController.swift; sourceTree = "<group>"; };
		92C66F421EE25CA800CA8292 /* PickItemTableViewCell.swift */ = {isa = PBXFileReference; fileEncoding = 4; lastKnownFileType = sourcecode.swift; path = PickItemTableViewCell.swift; sourceTree = "<group>"; };
		92C66F451EE2693B00CA8292 /* PickItemDataStore.swift */ = {isa = PBXFileReference; fileEncoding = 4; lastKnownFileType = sourcecode.swift; path = PickItemDataStore.swift; sourceTree = "<group>"; };
		92C66F471EE2E4A400CA8292 /* PickOrderDataStore.swift */ = {isa = PBXFileReference; fileEncoding = 4; lastKnownFileType = sourcecode.swift; path = PickOrderDataStore.swift; sourceTree = "<group>"; };
		92C66F4A1EE2E9C100CA8292 /* CutListViewController.swift */ = {isa = PBXFileReference; fileEncoding = 4; lastKnownFileType = sourcecode.swift; path = CutListViewController.swift; sourceTree = "<group>"; };
		92C66F4C1EE2EBED00CA8292 /* CutListView.swift */ = {isa = PBXFileReference; fileEncoding = 4; lastKnownFileType = sourcecode.swift; path = CutListView.swift; sourceTree = "<group>"; };
		92C66F501EE2EDFF00CA8292 /* CutListDataStore.swift */ = {isa = PBXFileReference; fileEncoding = 4; lastKnownFileType = sourcecode.swift; path = CutListDataStore.swift; sourceTree = "<group>"; };
		92C66F521EE5322000CA8292 /* ProductVariantParse.swift */ = {isa = PBXFileReference; fileEncoding = 4; lastKnownFileType = sourcecode.swift; path = ProductVariantParse.swift; sourceTree = "<group>"; };
		92C66F541EE5327C00CA8292 /* ProductVariant.swift */ = {isa = PBXFileReference; fileEncoding = 4; lastKnownFileType = sourcecode.swift; path = ProductVariant.swift; sourceTree = "<group>"; };
		A84C2EA6A6B416856716234F /* Pods_HippiesEcosystem.framework */ = {isa = PBXFileReference; explicitFileType = wrapper.framework; includeInIndex = 0; path = Pods_HippiesEcosystem.framework; sourceTree = BUILT_PRODUCTS_DIR; };
		C94F17F7AB18AA5749DB7653 /* Pods-HippiesEcosystem.debug (production).xcconfig */ = {isa = PBXFileReference; includeInIndex = 1; lastKnownFileType = text.xcconfig; name = "Pods-HippiesEcosystem.debug (production).xcconfig"; path = "Pods/Target Support Files/Pods-HippiesEcosystem/Pods-HippiesEcosystem.debug (production).xcconfig"; sourceTree = "<group>"; };
/* End PBXFileReference section */

/* Begin PBXFrameworksBuildPhase section */
		92C66ECB1EE1370100CA8292 /* Frameworks */ = {
			isa = PBXFrameworksBuildPhase;
			buildActionMask = 2147483647;
			files = (
				D6B19A08BF665B2FA5A4C32D /* Pods_HippiesEcosystem.framework in Frameworks */,
			);
			runOnlyForDeploymentPostprocessing = 0;
		};
/* End PBXFrameworksBuildPhase section */

/* Begin PBXGroup section */
		00F69F69285EAC45352BF6C1 /* Pods */ = {
			isa = PBXGroup;
			children = (
				527E5FB96BF6BA46DABF0DD0 /* Pods-HippiesEcosystem.debug.xcconfig */,
				135E1988B26BD50D4A1461E7 /* Pods-HippiesEcosystem.release.xcconfig */,
				8B60980DBB0B09CDC321CF0C /* Pods-HippiesEcosystem.debug (staging).xcconfig */,
				C94F17F7AB18AA5749DB7653 /* Pods-HippiesEcosystem.debug (production).xcconfig */,
			);
			name = Pods;
			sourceTree = "<group>";
		};
		92699F661EE8EA88008EDC56 /* Configurations */ = {
			isa = PBXGroup;
			children = (
				92699F671EE8EA93008EDC56 /* Enviroment.swift */,
				92699F681EE8EA93008EDC56 /* Configuration.swift */,
			);
			name = Configurations;
			sourceTree = "<group>";
		};
		92699F6B1EEC9C22008EDC56 /* Login/SignUp */ = {
			isa = PBXGroup;
			children = (
				92699F711EEC9CC7008EDC56 /* Forms */,
				92699F7B1EEC9D6B008EDC56 /* Log In */,
				92699F811EEC9D95008EDC56 /* Sign Up */,
			);
			name = Login/SignUp;
			sourceTree = "<group>";
		};
		92699F711EEC9CC7008EDC56 /* Forms */ = {
			isa = PBXGroup;
			children = (
				92699F751EEC9D2A008EDC56 /* Subviews */,
				92699F721EEC9CEC008EDC56 /* Welcome */,
				92699F781EEC9D4B008EDC56 /* Admission */,
			);
			name = Forms;
			sourceTree = "<group>";
		};
		92699F721EEC9CEC008EDC56 /* Welcome */ = {
			isa = PBXGroup;
			children = (
				92699F731EEC9D0A008EDC56 /* WelcomeFormView.swift */,
				92699F6F1EEC9CBD008EDC56 /* WelcomeFormViewController.swift */,
			);
			name = Welcome;
			sourceTree = "<group>";
		};
		92699F751EEC9D2A008EDC56 /* Subviews */ = {
			isa = PBXGroup;
			children = (
				92699F761EEC9D33008EDC56 /* ForwardAccessoryView.swift */,
			);
			name = Subviews;
			sourceTree = "<group>";
		};
		92699F781EEC9D4B008EDC56 /* Admission */ = {
			isa = PBXGroup;
			children = (
				92699F791EEC9D5F008EDC56 /* AdmissionFormViewController.swift */,
			);
			name = Admission;
			sourceTree = "<group>";
		};
		92699F7B1EEC9D6B008EDC56 /* Log In */ = {
			isa = PBXGroup;
			children = (
				92699F7E1EEC9D83008EDC56 /* Data Store */,
				92699F7C1EEC9D7D008EDC56 /* LoginViewController.swift */,
			);
			name = "Log In";
			sourceTree = "<group>";
		};
		92699F7E1EEC9D83008EDC56 /* Data Store */ = {
			isa = PBXGroup;
			children = (
				92699F7F1EEC9D90008EDC56 /* LogInDataStore.swift */,
			);
			name = "Data Store";
			sourceTree = "<group>";
		};
		92699F811EEC9D95008EDC56 /* Sign Up */ = {
			isa = PBXGroup;
			children = (
				92699F841EEC9DAE008EDC56 /* Data Store */,
				92699F871EEC9DC5008EDC56 /* Name */,
				92699F821EEC9DA8008EDC56 /* SignUpViewController.swift */,
			);
			name = "Sign Up";
			sourceTree = "<group>";
		};
		92699F841EEC9DAE008EDC56 /* Data Store */ = {
			isa = PBXGroup;
			children = (
				92699F851EEC9DB9008EDC56 /* SignUpDataStore.swift */,
			);
			name = "Data Store";
			sourceTree = "<group>";
		};
		92699F871EEC9DC5008EDC56 /* Name */ = {
			isa = PBXGroup;
			children = (
				92699F8A1EEC9DD7008EDC56 /* Data Store */,
				92699F881EEC9DD2008EDC56 /* NameViewController.swift */,
			);
			name = Name;
			sourceTree = "<group>";
		};
		92699F8A1EEC9DD7008EDC56 /* Data Store */ = {
			isa = PBXGroup;
			children = (
				92699F8B1EEC9DE0008EDC56 /* NameDataStore.swift */,
			);
			name = "Data Store";
			sourceTree = "<group>";
		};
		92699F921EED03B4008EDC56 /* Alerts */ = {
			isa = PBXGroup;
			children = (
				92699F931EED03C5008EDC56 /* Banner.swift */,
			);
			name = Alerts;
			sourceTree = "<group>";
		};
		92C66EC51EE1370100CA8292 = {
			isa = PBXGroup;
			children = (
				92C66ED01EE1370100CA8292 /* HippiesEcosystem */,
				92C66ECF1EE1370100CA8292 /* Products */,
				00F69F69285EAC45352BF6C1 /* Pods */,
				B5C3C8F1D36C3B002CA066F2 /* Frameworks */,
			);
			sourceTree = "<group>";
		};
		92C66ECF1EE1370100CA8292 /* Products */ = {
			isa = PBXGroup;
			children = (
				92C66ECE1EE1370100CA8292 /* HippiesEcosystem.app */,
			);
			name = Products;
			sourceTree = "<group>";
		};
		92C66ED01EE1370100CA8292 /* HippiesEcosystem */ = {
			isa = PBXGroup;
			children = (
				92699F6B1EEC9C22008EDC56 /* Login/SignUp */,
				92C66F0C1EE20EB200CA8292 /* Tracking */,
				92C66F011EE1431400CA8292 /* Home */,
				92C66EE31EE137EA00CA8292 /* Inventory */,
				92C66ED11EE1370100CA8292 /* AppDelegate.swift */,
				92C66ED81EE1370100CA8292 /* Assets.xcassets */,
				92C66EDA1EE1370100CA8292 /* LaunchScreen.storyboard */,
				92C66EDD1EE1370100CA8292 /* Info.plist */,
				92C66EFA1EE140C500CA8292 /* Models */,
				92C66EEB1EE13A9B00CA8292 /* Helpers */,
			);
			path = HippiesEcosystem;
			sourceTree = "<group>";
		};
		92C66EE31EE137EA00CA8292 /* Inventory */ = {
			isa = PBXGroup;
			children = (
				92C66F061EE167FB00CA8292 /* New Group */,
				92C66EE51EE1380000CA8292 /* Search */,
				92C66EE41EE137F600CA8292 /* Inputting */,
			);
			name = Inventory;
			sourceTree = "<group>";
		};
		92C66EE41EE137F600CA8292 /* Inputting */ = {
			isa = PBXGroup;
			children = (
				92C66F091EE16E9000CA8292 /* Data Store */,
				92C66F071EE1681B00CA8292 /* InputInventoryViewController.swift */,
			);
			name = Inputting;
			sourceTree = "<group>";
		};
		92C66EE51EE1380000CA8292 /* Search */ = {
			isa = PBXGroup;
			children = (
				92C66EF21EE13D2300CA8292 /* Data Store */,
				92C66EE81EE13A6900CA8292 /* Subviews */,
				92C66EF01EE13CF900CA8292 /* ProductSearchViewController.swift */,
				92C66EE61EE1382600CA8292 /* MainSearchingView.swift */,
			);
			name = Search;
			sourceTree = "<group>";
		};
		92C66EE81EE13A6900CA8292 /* Subviews */ = {
			isa = PBXGroup;
			children = (
				92C66EF81EE13EB800CA8292 /* MainSearchTableViewCell.swift */,
				92C66EE91EE13A8100CA8292 /* CustomSearchBar.swift */,
			);
			name = Subviews;
			sourceTree = "<group>";
		};
		92C66EEB1EE13A9B00CA8292 /* Helpers */ = {
			isa = PBXGroup;
			children = (
				92699F921EED03B4008EDC56 /* Alerts */,
				92699F661EE8EA88008EDC56 /* Configurations */,
				92C66EEC1EE13AC900CA8292 /* CustomColors.swift */,
				92C66EEE1EE13C5B00CA8292 /* Helpers.swift */,
			);
			name = Helpers;
			sourceTree = "<group>";
		};
		92C66EF21EE13D2300CA8292 /* Data Store */ = {
			isa = PBXGroup;
			children = (
				92C66EF31EE13D3600CA8292 /* MainSearchingDataStore.swift */,
			);
			name = "Data Store";
			sourceTree = "<group>";
		};
		92C66EFA1EE140C500CA8292 /* Models */ = {
			isa = PBXGroup;
			children = (
				92C66EFC1EE140D100CA8292 /* Internal */,
				92C66EFB1EE140CC00CA8292 /* Database */,
				92699F8D1EEC9EF4008EDC56 /* User.swift */,
			);
			name = Models;
			sourceTree = "<group>";
		};
		92C66EFB1EE140CC00CA8292 /* Database */ = {
			isa = PBXGroup;
			children = (
				92C66F591EE532E100CA8292 /* Product */,
				92C66F581EE532D800CA8292 /* Ordering */,
			);
			name = Database;
			sourceTree = "<group>";
		};
		92C66EFC1EE140D100CA8292 /* Internal */ = {
			isa = PBXGroup;
			children = (
				92C66F571EE532CE00CA8292 /* Product */,
				92C66F561EE532BE00CA8292 /* Ordering */,
			);
			name = Internal;
			sourceTree = "<group>";
		};
		92C66F011EE1431400CA8292 /* Home */ = {
			isa = PBXGroup;
			children = (
				92C66F021EE1433400CA8292 /* HomeViewController.swift */,
			);
			name = Home;
			sourceTree = "<group>";
		};
		92C66F061EE167FB00CA8292 /* New Group */ = {
			isa = PBXGroup;
			children = (
			);
			name = "New Group";
			sourceTree = "<group>";
		};
		92C66F091EE16E9000CA8292 /* Data Store */ = {
			isa = PBXGroup;
			children = (
				92C66F0A1EE16EB400CA8292 /* InputInventoryDataStore.swift */,
			);
			name = "Data Store";
			sourceTree = "<group>";
		};
		92C66F0C1EE20EB200CA8292 /* Tracking */ = {
			isa = PBXGroup;
			children = (
				92C66F101EE20F5200CA8292 /* Form */,
				92C66F0D1EE20F0700CA8292 /* Cutting */,
				92C66F491EE2E97400CA8292 /* Cut List */,
				92C66F1A1EE22CE900CA8292 /* Sewing */,
				92C66F231EE2316F00CA8292 /* Packaging */,
				92C66F291EE234F400CA8292 /* Picking */,
				92C66F2A1EE2350D00CA8292 /* Quality Control/ Shipped */,
			);
			name = Tracking;
			sourceTree = "<group>";
		};
		92C66F0D1EE20F0700CA8292 /* Cutting */ = {
			isa = PBXGroup;
			children = (
				92C66F151EE2120100CA8292 /* Data Store */,
				92C66F131EE211EB00CA8292 /* CuttingFormViewController.swift */,
			);
			name = Cutting;
			sourceTree = "<group>";
		};
		92C66F101EE20F5200CA8292 /* Form */ = {
			isa = PBXGroup;
			children = (
				92C66F201EE22DD900CA8292 /* Data Store */,
				92C66F0E1EE20F1D00CA8292 /* TrackingFormViewController.swift */,
				92C66F111EE20F7200CA8292 /* TrackingFormView.swift */,
			);
			name = Form;
			sourceTree = "<group>";
		};
		92C66F151EE2120100CA8292 /* Data Store */ = {
			isa = PBXGroup;
			children = (
				92C66F161EE2123200CA8292 /* CuttingFormDataStore.swift */,
			);
			name = "Data Store";
			sourceTree = "<group>";
		};
		92C66F1A1EE22CE900CA8292 /* Sewing */ = {
			isa = PBXGroup;
			children = (
				92C66F1B1EE22D0100CA8292 /* Data Store */,
				92C66F1C1EE22D1F00CA8292 /* SewingFormViewController.swift */,
			);
			name = Sewing;
			sourceTree = "<group>";
		};
		92C66F1B1EE22D0100CA8292 /* Data Store */ = {
			isa = PBXGroup;
			children = (
				92C66F1E1EE22D5D00CA8292 /* SewingFormDataStore.swift */,
			);
			name = "Data Store";
			sourceTree = "<group>";
		};
		92C66F201EE22DD900CA8292 /* Data Store */ = {
			isa = PBXGroup;
			children = (
				92C66F211EE22DEA00CA8292 /* TrackingFormDataStore.swift */,
			);
			name = "Data Store";
			sourceTree = "<group>";
		};
		92C66F231EE2316F00CA8292 /* Packaging */ = {
			isa = PBXGroup;
			children = (
				92C66F241EE231AD00CA8292 /* Data Store */,
				92C66F271EE2342900CA8292 /* PackageFormViewController.swift */,
			);
			name = Packaging;
			sourceTree = "<group>";
		};
		92C66F241EE231AD00CA8292 /* Data Store */ = {
			isa = PBXGroup;
			children = (
				92C66F251EE231BD00CA8292 /* PackageFormDataStore.swift */,
			);
			name = "Data Store";
			sourceTree = "<group>";
		};
		92C66F291EE234F400CA8292 /* Picking */ = {
			isa = PBXGroup;
			children = (
				92C66F3E1EE25C1000CA8292 /* Line Item List */,
				92C66F331EE2561A00CA8292 /* Order List */,
			);
			name = Picking;
			sourceTree = "<group>";
		};
		92C66F2A1EE2350D00CA8292 /* Quality Control/ Shipped */ = {
			isa = PBXGroup;
			children = (
				92C66F2B1EE2352000CA8292 /* Data Store */,
				92C66F2C1EE2353A00CA8292 /* QualityFormViewController.swift */,
			);
			name = "Quality Control/ Shipped";
			sourceTree = "<group>";
		};
		92C66F2B1EE2352000CA8292 /* Data Store */ = {
			isa = PBXGroup;
			children = (
				92C66F2E1EE2354800CA8292 /* QualityFormDataStore.swift */,
			);
			name = "Data Store";
			sourceTree = "<group>";
		};
		92C66F301EE2556800CA8292 /* Data Store */ = {
			isa = PBXGroup;
			children = (
				92C66F471EE2E4A400CA8292 /* PickOrderDataStore.swift */,
			);
			name = "Data Store";
			sourceTree = "<group>";
		};
		92C66F331EE2561A00CA8292 /* Order List */ = {
			isa = PBXGroup;
			children = (
				92C66F301EE2556800CA8292 /* Data Store */,
				92C66F381EE256ED00CA8292 /* Cell */,
				92C66F311EE2559B00CA8292 /* PickOrderViewController.swift */,
			);
			name = "Order List";
			sourceTree = "<group>";
		};
		92C66F381EE256ED00CA8292 /* Cell */ = {
			isa = PBXGroup;
			children = (
				92C66F391EE2570D00CA8292 /* PickOrderTableViewCell.swift */,
			);
			name = Cell;
			sourceTree = "<group>";
		};
		92C66F3E1EE25C1000CA8292 /* Line Item List */ = {
			isa = PBXGroup;
			children = (
				92C66F441EE2692B00CA8292 /* Data Store */,
				92C66F411EE25C9400CA8292 /* Cell */,
				92C66F3F1EE25C3400CA8292 /* PickListItemViewController.swift */,
			);
			name = "Line Item List";
			sourceTree = "<group>";
		};
		92C66F411EE25C9400CA8292 /* Cell */ = {
			isa = PBXGroup;
			children = (
				92C66F421EE25CA800CA8292 /* PickItemTableViewCell.swift */,
			);
			name = Cell;
			sourceTree = "<group>";
		};
		92C66F441EE2692B00CA8292 /* Data Store */ = {
			isa = PBXGroup;
			children = (
				92C66F451EE2693B00CA8292 /* PickItemDataStore.swift */,
			);
			name = "Data Store";
			sourceTree = "<group>";
		};
		92C66F491EE2E97400CA8292 /* Cut List */ = {
			isa = PBXGroup;
			children = (
				92C66F4E1EE2EDC700CA8292 /* Data Store */,
				92C66F4A1EE2E9C100CA8292 /* CutListViewController.swift */,
				92C66F4C1EE2EBED00CA8292 /* CutListView.swift */,
			);
			name = "Cut List";
			sourceTree = "<group>";
		};
		92C66F4E1EE2EDC700CA8292 /* Data Store */ = {
			isa = PBXGroup;
			children = (
				92C66F501EE2EDFF00CA8292 /* CutListDataStore.swift */,
			);
			name = "Data Store";
			sourceTree = "<group>";
		};
		92C66F561EE532BE00CA8292 /* Ordering */ = {
			isa = PBXGroup;
			children = (
				92C66F361EE2569F00CA8292 /* Order.swift */,
				92C66F3C1EE25ABF00CA8292 /* LineItem.swift */,
			);
			name = Ordering;
			sourceTree = "<group>";
		};
		92C66F571EE532CE00CA8292 /* Product */ = {
			isa = PBXGroup;
			children = (
				92C66F541EE5327C00CA8292 /* ProductVariant.swift */,
				92C66F041EE1490600CA8292 /* ProductType.swift */,
			);
			name = Product;
			sourceTree = "<group>";
		};
		92C66F581EE532D800CA8292 /* Ordering */ = {
			isa = PBXGroup;
			children = (
				92C66F181EE212D800CA8292 /* LineItemParse.swift */,
				92C66F341EE2566100CA8292 /* OrderParse.swift */,
			);
			name = Ordering;
			sourceTree = "<group>";
		};
		92C66F591EE532E100CA8292 /* Product */ = {
			isa = PBXGroup;
			children = (
				92C66F521EE5322000CA8292 /* ProductVariantParse.swift */,
				92C66EFF1EE1420900CA8292 /* FabricParse.swift */,
				92C66EFD1EE1417F00CA8292 /* ProductTypeParse.swift */,
			);
			name = Product;
			sourceTree = "<group>";
		};
		B5C3C8F1D36C3B002CA066F2 /* Frameworks */ = {
			isa = PBXGroup;
			children = (
				A84C2EA6A6B416856716234F /* Pods_HippiesEcosystem.framework */,
			);
			name = Frameworks;
			sourceTree = "<group>";
		};
/* End PBXGroup section */

/* Begin PBXNativeTarget section */
		92C66ECD1EE1370100CA8292 /* HippiesEcosystem */ = {
			isa = PBXNativeTarget;
			buildConfigurationList = 92C66EE01EE1370100CA8292 /* Build configuration list for PBXNativeTarget "HippiesEcosystem" */;
			buildPhases = (
				CCEDE376CAF1184D75F945E1 /* [CP] Check Pods Manifest.lock */,
				92C66ECA1EE1370100CA8292 /* Sources */,
				92C66ECB1EE1370100CA8292 /* Frameworks */,
				92C66ECC1EE1370100CA8292 /* Resources */,
				63324E022C4CA98560208DF0 /* [CP] Embed Pods Frameworks */,
				E307A76E919033326353D526 /* [CP] Copy Pods Resources */,
			);
			buildRules = (
			);
			dependencies = (
			);
			name = HippiesEcosystem;
			productName = HippiesEcosystem;
			productReference = 92C66ECE1EE1370100CA8292 /* HippiesEcosystem.app */;
			productType = "com.apple.product-type.application";
		};
/* End PBXNativeTarget section */

/* Begin PBXProject section */
		92C66EC61EE1370100CA8292 /* Project object */ = {
			isa = PBXProject;
			attributes = {
				LastSwiftUpdateCheck = 0830;
				LastUpgradeCheck = 0830;
				ORGANIZATIONNAME = Chong500Productions;
				TargetAttributes = {
					92C66ECD1EE1370100CA8292 = {
						CreatedOnToolsVersion = 8.3.2;
						DevelopmentTeam = KNK3WJA66N;
						ProvisioningStyle = Manual;
					};
				};
			};
			buildConfigurationList = 92C66EC91EE1370100CA8292 /* Build configuration list for PBXProject "HippiesEcosystem" */;
			compatibilityVersion = "Xcode 3.2";
			developmentRegion = English;
			hasScannedForEncodings = 0;
			knownRegions = (
				en,
				Base,
			);
			mainGroup = 92C66EC51EE1370100CA8292;
			productRefGroup = 92C66ECF1EE1370100CA8292 /* Products */;
			projectDirPath = "";
			projectRoot = "";
			targets = (
				92C66ECD1EE1370100CA8292 /* HippiesEcosystem */,
			);
		};
/* End PBXProject section */

/* Begin PBXResourcesBuildPhase section */
		92C66ECC1EE1370100CA8292 /* Resources */ = {
			isa = PBXResourcesBuildPhase;
			buildActionMask = 2147483647;
			files = (
				92C66EDC1EE1370100CA8292 /* LaunchScreen.storyboard in Resources */,
				92C66ED91EE1370100CA8292 /* Assets.xcassets in Resources */,
			);
			runOnlyForDeploymentPostprocessing = 0;
		};
/* End PBXResourcesBuildPhase section */

/* Begin PBXShellScriptBuildPhase section */
		63324E022C4CA98560208DF0 /* [CP] Embed Pods Frameworks */ = {
			isa = PBXShellScriptBuildPhase;
			buildActionMask = 2147483647;
			files = (
			);
			inputPaths = (
			);
			name = "[CP] Embed Pods Frameworks";
			outputPaths = (
			);
			runOnlyForDeploymentPostprocessing = 0;
			shellPath = /bin/sh;
			shellScript = "\"${SRCROOT}/Pods/Target Support Files/Pods-HippiesEcosystem/Pods-HippiesEcosystem-frameworks.sh\"\n";
			showEnvVarsInLog = 0;
		};
		CCEDE376CAF1184D75F945E1 /* [CP] Check Pods Manifest.lock */ = {
			isa = PBXShellScriptBuildPhase;
			buildActionMask = 2147483647;
			files = (
			);
			inputPaths = (
			);
			name = "[CP] Check Pods Manifest.lock";
			outputPaths = (
			);
			runOnlyForDeploymentPostprocessing = 0;
			shellPath = /bin/sh;
			shellScript = "diff \"${PODS_PODFILE_DIR_PATH}/Podfile.lock\" \"${PODS_ROOT}/Manifest.lock\" > /dev/null\nif [ $? != 0 ] ; then\n    # print error to STDERR\n    echo \"error: The sandbox is not in sync with the Podfile.lock. Run 'pod install' or update your CocoaPods installation.\" >&2\n    exit 1\nfi\n";
			showEnvVarsInLog = 0;
		};
		E307A76E919033326353D526 /* [CP] Copy Pods Resources */ = {
			isa = PBXShellScriptBuildPhase;
			buildActionMask = 2147483647;
			files = (
			);
			inputPaths = (
			);
			name = "[CP] Copy Pods Resources";
			outputPaths = (
			);
			runOnlyForDeploymentPostprocessing = 0;
			shellPath = /bin/sh;
			shellScript = "\"${SRCROOT}/Pods/Target Support Files/Pods-HippiesEcosystem/Pods-HippiesEcosystem-resources.sh\"\n";
			showEnvVarsInLog = 0;
		};
/* End PBXShellScriptBuildPhase section */

/* Begin PBXSourcesBuildPhase section */
		92C66ECA1EE1370100CA8292 /* Sources */ = {
			isa = PBXSourcesBuildPhase;
			buildActionMask = 2147483647;
			files = (
				92699F7A1EEC9D5F008EDC56 /* AdmissionFormViewController.swift in Sources */,
				92C66F511EE2EDFF00CA8292 /* CutListDataStore.swift in Sources */,
				92C66F171EE2123200CA8292 /* CuttingFormDataStore.swift in Sources */,
				92C66F461EE2693B00CA8292 /* PickItemDataStore.swift in Sources */,
				92C66F281EE2342900CA8292 /* PackageFormViewController.swift in Sources */,
				92C66F351EE2566100CA8292 /* OrderParse.swift in Sources */,
				92C66F1D1EE22D1F00CA8292 /* SewingFormViewController.swift in Sources */,
				92C66F2D1EE2353A00CA8292 /* QualityFormViewController.swift in Sources */,
				92699F891EEC9DD2008EDC56 /* NameViewController.swift in Sources */,
				92C66F001EE1420900CA8292 /* FabricParse.swift in Sources */,
				92699F8C1EEC9DE0008EDC56 /* NameDataStore.swift in Sources */,
				92C66F261EE231BD00CA8292 /* PackageFormDataStore.swift in Sources */,
				92C66EEF1EE13C5B00CA8292 /* Helpers.swift in Sources */,
				92699F861EEC9DB9008EDC56 /* SignUpDataStore.swift in Sources */,
				92699F771EEC9D33008EDC56 /* ForwardAccessoryView.swift in Sources */,
				92C66EED1EE13AC900CA8292 /* CustomColors.swift in Sources */,
				92C66F121EE20F7200CA8292 /* TrackingFormView.swift in Sources */,
				92C66F0F1EE20F1D00CA8292 /* TrackingFormViewController.swift in Sources */,
				92C66F551EE5327C00CA8292 /* ProductVariant.swift in Sources */,
				92C66F531EE5322000CA8292 /* ProductVariantParse.swift in Sources */,
				92C66EE71EE1382600CA8292 /* MainSearchingView.swift in Sources */,
				92C66F081EE1681B00CA8292 /* InputInventoryViewController.swift in Sources */,
				92C66F321EE2559B00CA8292 /* PickOrderViewController.swift in Sources */,
				92C66EF91EE13EB800CA8292 /* MainSearchTableViewCell.swift in Sources */,
				92C66EF11EE13CF900CA8292 /* ProductSearchViewController.swift in Sources */,
				92C66F4B1EE2E9C100CA8292 /* CutListViewController.swift in Sources */,
				92C66F1F1EE22D5D00CA8292 /* SewingFormDataStore.swift in Sources */,
				92C66F141EE211EB00CA8292 /* CuttingFormViewController.swift in Sources */,
				92C66F0B1EE16EB400CA8292 /* InputInventoryDataStore.swift in Sources */,
				92C66F431EE25CA800CA8292 /* PickItemTableViewCell.swift in Sources */,
				92699F8E1EEC9EF4008EDC56 /* User.swift in Sources */,
				92C66F221EE22DEA00CA8292 /* TrackingFormDataStore.swift in Sources */,
				92C66EEA1EE13A8100CA8292 /* CustomSearchBar.swift in Sources */,
				92C66ED21EE1370100CA8292 /* AppDelegate.swift in Sources */,
				92C66F3D1EE25ABF00CA8292 /* LineItem.swift in Sources */,
				92699F801EEC9D90008EDC56 /* LogInDataStore.swift in Sources */,
				92C66F481EE2E4A400CA8292 /* PickOrderDataStore.swift in Sources */,
				92699F6A1EE8EA93008EDC56 /* Configuration.swift in Sources */,
				92699F691EE8EA93008EDC56 /* Enviroment.swift in Sources */,
				92C66F191EE212D800CA8292 /* LineItemParse.swift in Sources */,
				92699F831EEC9DA8008EDC56 /* SignUpViewController.swift in Sources */,
				92C66F401EE25C3400CA8292 /* PickListItemViewController.swift in Sources */,
				92C66F3A1EE2570D00CA8292 /* PickOrderTableViewCell.swift in Sources */,
				92C66EF41EE13D3600CA8292 /* MainSearchingDataStore.swift in Sources */,
				92C66F051EE1490600CA8292 /* ProductType.swift in Sources */,
				92C66EFE1EE1417F00CA8292 /* ProductTypeParse.swift in Sources */,
				92699F7D1EEC9D7D008EDC56 /* LoginViewController.swift in Sources */,
				92699F941EED03C5008EDC56 /* Banner.swift in Sources */,
				92C66F4D1EE2EBED00CA8292 /* CutListView.swift in Sources */,
				92699F701EEC9CBD008EDC56 /* WelcomeFormViewController.swift in Sources */,
				92C66F031EE1433400CA8292 /* HomeViewController.swift in Sources */,
				92C66F2F1EE2354800CA8292 /* QualityFormDataStore.swift in Sources */,
				92C66F371EE2569F00CA8292 /* Order.swift in Sources */,
				92699F741EEC9D0A008EDC56 /* WelcomeFormView.swift in Sources */,
			);
			runOnlyForDeploymentPostprocessing = 0;
		};
/* End PBXSourcesBuildPhase section */

/* Begin PBXVariantGroup section */
		92C66EDA1EE1370100CA8292 /* LaunchScreen.storyboard */ = {
			isa = PBXVariantGroup;
			children = (
				92C66EDB1EE1370100CA8292 /* Base */,
			);
			name = LaunchScreen.storyboard;
			sourceTree = "<group>";
		};
/* End PBXVariantGroup section */

/* Begin XCBuildConfiguration section */
		92699F641EE8E94D008EDC56 /* Debug (Production) */ = {
			isa = XCBuildConfiguration;
			buildSettings = {
				ALWAYS_SEARCH_USER_PATHS = NO;
				CLANG_ANALYZER_NONNULL = YES;
				CLANG_ANALYZER_NUMBER_OBJECT_CONVERSION = YES_AGGRESSIVE;
				CLANG_CXX_LANGUAGE_STANDARD = "gnu++0x";
				CLANG_CXX_LIBRARY = "libc++";
				CLANG_ENABLE_MODULES = YES;
				CLANG_ENABLE_OBJC_ARC = YES;
				CLANG_WARN_BOOL_CONVERSION = YES;
				CLANG_WARN_CONSTANT_CONVERSION = YES;
				CLANG_WARN_DIRECT_OBJC_ISA_USAGE = YES_ERROR;
				CLANG_WARN_DOCUMENTATION_COMMENTS = YES;
				CLANG_WARN_EMPTY_BODY = YES;
				CLANG_WARN_ENUM_CONVERSION = YES;
				CLANG_WARN_INFINITE_RECURSION = YES;
				CLANG_WARN_INT_CONVERSION = YES;
				CLANG_WARN_OBJC_ROOT_CLASS = YES_ERROR;
				CLANG_WARN_SUSPICIOUS_MOVE = YES;
				CLANG_WARN_UNREACHABLE_CODE = YES;
				CLANG_WARN__DUPLICATE_METHOD_MATCH = YES;
				"CODE_SIGN_IDENTITY[sdk=iphoneos*]" = "iPhone Developer";
				COPY_PHASE_STRIP = NO;
				DEBUG_INFORMATION_FORMAT = dwarf;
				ENABLE_STRICT_OBJC_MSGSEND = YES;
				ENABLE_TESTABILITY = YES;
				GCC_C_LANGUAGE_STANDARD = gnu99;
				GCC_DYNAMIC_NO_PIC = NO;
				GCC_NO_COMMON_BLOCKS = YES;
				GCC_OPTIMIZATION_LEVEL = 0;
				GCC_PREPROCESSOR_DEFINITIONS = (
					"DEBUG=1",
					"$(inherited)",
				);
				GCC_WARN_64_TO_32_BIT_CONVERSION = YES;
				GCC_WARN_ABOUT_RETURN_TYPE = YES_ERROR;
				GCC_WARN_UNDECLARED_SELECTOR = YES;
				GCC_WARN_UNINITIALIZED_AUTOS = YES_AGGRESSIVE;
				GCC_WARN_UNUSED_FUNCTION = YES;
				GCC_WARN_UNUSED_VARIABLE = YES;
				IPHONEOS_DEPLOYMENT_TARGET = 10.3;
				MTL_ENABLE_DEBUG_INFO = YES;
				ONLY_ACTIVE_ARCH = YES;
				SDKROOT = iphoneos;
				SWIFT_ACTIVE_COMPILATION_CONDITIONS = DEBUG;
				SWIFT_OPTIMIZATION_LEVEL = "-Onone";
			};
			name = "Debug (Production)";
		};
		92699F651EE8E94D008EDC56 /* Debug (Production) */ = {
			isa = XCBuildConfiguration;
			baseConfigurationReference = C94F17F7AB18AA5749DB7653 /* Pods-HippiesEcosystem.debug (production).xcconfig */;
			buildSettings = {
				ASSETCATALOG_COMPILER_APPICON_NAME = AppIcon;
				CODE_SIGN_IDENTITY = "iPhone Developer: Daniel Jones (R565XSQC74)";
				CURRENT_PROJECT_VERSION = 4;
				DEVELOPMENT_TEAM = KNK3WJA66N;
				INFOPLIST_FILE = HippiesEcosystem/Info.plist;
				IPHONEOS_DEPLOYMENT_TARGET = 9.0;
				LD_RUNPATH_SEARCH_PATHS = "$(inherited) @executable_path/Frameworks";
				PRODUCT_BUNDLE_IDENTIFIER = dcj.Chong500Productions.HippiesEcosystem;
				PRODUCT_NAME = "$(TARGET_NAME)";
				PROVISIONING_PROFILE = "1ac3e88a-3cfd-4165-b969-8c5ee8a91e02";
				PROVISIONING_PROFILE_SPECIFIER = "";
				SWIFT_VERSION = 3.0;
				VERSIONING_SYSTEM = "apple-generic";
			};
			name = "Debug (Production)";
		};
		92C66EDE1EE1370100CA8292 /* Debug (Staging) */ = {
			isa = XCBuildConfiguration;
			buildSettings = {
				ALWAYS_SEARCH_USER_PATHS = NO;
				CLANG_ANALYZER_NONNULL = YES;
				CLANG_ANALYZER_NUMBER_OBJECT_CONVERSION = YES_AGGRESSIVE;
				CLANG_CXX_LANGUAGE_STANDARD = "gnu++0x";
				CLANG_CXX_LIBRARY = "libc++";
				CLANG_ENABLE_MODULES = YES;
				CLANG_ENABLE_OBJC_ARC = YES;
				CLANG_WARN_BOOL_CONVERSION = YES;
				CLANG_WARN_CONSTANT_CONVERSION = YES;
				CLANG_WARN_DIRECT_OBJC_ISA_USAGE = YES_ERROR;
				CLANG_WARN_DOCUMENTATION_COMMENTS = YES;
				CLANG_WARN_EMPTY_BODY = YES;
				CLANG_WARN_ENUM_CONVERSION = YES;
				CLANG_WARN_INFINITE_RECURSION = YES;
				CLANG_WARN_INT_CONVERSION = YES;
				CLANG_WARN_OBJC_ROOT_CLASS = YES_ERROR;
				CLANG_WARN_SUSPICIOUS_MOVE = YES;
				CLANG_WARN_UNREACHABLE_CODE = YES;
				CLANG_WARN__DUPLICATE_METHOD_MATCH = YES;
				"CODE_SIGN_IDENTITY[sdk=iphoneos*]" = "iPhone Developer";
				COPY_PHASE_STRIP = NO;
				DEBUG_INFORMATION_FORMAT = dwarf;
				ENABLE_STRICT_OBJC_MSGSEND = YES;
				ENABLE_TESTABILITY = YES;
				GCC_C_LANGUAGE_STANDARD = gnu99;
				GCC_DYNAMIC_NO_PIC = NO;
				GCC_NO_COMMON_BLOCKS = YES;
				GCC_OPTIMIZATION_LEVEL = 0;
				GCC_PREPROCESSOR_DEFINITIONS = (
					"DEBUG=1",
					"$(inherited)",
				);
				GCC_WARN_64_TO_32_BIT_CONVERSION = YES;
				GCC_WARN_ABOUT_RETURN_TYPE = YES_ERROR;
				GCC_WARN_UNDECLARED_SELECTOR = YES;
				GCC_WARN_UNINITIALIZED_AUTOS = YES_AGGRESSIVE;
				GCC_WARN_UNUSED_FUNCTION = YES;
				GCC_WARN_UNUSED_VARIABLE = YES;
				IPHONEOS_DEPLOYMENT_TARGET = 10.3;
				MTL_ENABLE_DEBUG_INFO = YES;
				ONLY_ACTIVE_ARCH = YES;
				SDKROOT = iphoneos;
				SWIFT_ACTIVE_COMPILATION_CONDITIONS = DEBUG;
				SWIFT_OPTIMIZATION_LEVEL = "-Onone";
			};
			name = "Debug (Staging)";
		};
		92C66EDF1EE1370100CA8292 /* Release */ = {
			isa = XCBuildConfiguration;
			buildSettings = {
				ALWAYS_SEARCH_USER_PATHS = NO;
				CLANG_ANALYZER_NONNULL = YES;
				CLANG_ANALYZER_NUMBER_OBJECT_CONVERSION = YES_AGGRESSIVE;
				CLANG_CXX_LANGUAGE_STANDARD = "gnu++0x";
				CLANG_CXX_LIBRARY = "libc++";
				CLANG_ENABLE_MODULES = YES;
				CLANG_ENABLE_OBJC_ARC = YES;
				CLANG_WARN_BOOL_CONVERSION = YES;
				CLANG_WARN_CONSTANT_CONVERSION = YES;
				CLANG_WARN_DIRECT_OBJC_ISA_USAGE = YES_ERROR;
				CLANG_WARN_DOCUMENTATION_COMMENTS = YES;
				CLANG_WARN_EMPTY_BODY = YES;
				CLANG_WARN_ENUM_CONVERSION = YES;
				CLANG_WARN_INFINITE_RECURSION = YES;
				CLANG_WARN_INT_CONVERSION = YES;
				CLANG_WARN_OBJC_ROOT_CLASS = YES_ERROR;
				CLANG_WARN_SUSPICIOUS_MOVE = YES;
				CLANG_WARN_UNREACHABLE_CODE = YES;
				CLANG_WARN__DUPLICATE_METHOD_MATCH = YES;
				"CODE_SIGN_IDENTITY[sdk=iphoneos*]" = "iPhone Developer";
				COPY_PHASE_STRIP = NO;
				DEBUG_INFORMATION_FORMAT = "dwarf-with-dsym";
				ENABLE_NS_ASSERTIONS = NO;
				ENABLE_STRICT_OBJC_MSGSEND = YES;
				GCC_C_LANGUAGE_STANDARD = gnu99;
				GCC_NO_COMMON_BLOCKS = YES;
				GCC_WARN_64_TO_32_BIT_CONVERSION = YES;
				GCC_WARN_ABOUT_RETURN_TYPE = YES_ERROR;
				GCC_WARN_UNDECLARED_SELECTOR = YES;
				GCC_WARN_UNINITIALIZED_AUTOS = YES_AGGRESSIVE;
				GCC_WARN_UNUSED_FUNCTION = YES;
				GCC_WARN_UNUSED_VARIABLE = YES;
				IPHONEOS_DEPLOYMENT_TARGET = 10.3;
				MTL_ENABLE_DEBUG_INFO = NO;
				SDKROOT = iphoneos;
				SWIFT_OPTIMIZATION_LEVEL = "-Owholemodule";
				VALIDATE_PRODUCT = YES;
			};
			name = Release;
		};
		92C66EE11EE1370100CA8292 /* Debug (Staging) */ = {
			isa = XCBuildConfiguration;
			baseConfigurationReference = 8B60980DBB0B09CDC321CF0C /* Pods-HippiesEcosystem.debug (staging).xcconfig */;
			buildSettings = {
				ASSETCATALOG_COMPILER_APPICON_NAME = AppIcon;
				CODE_SIGN_IDENTITY = "iPhone Developer: Daniel Jones (R565XSQC74)";
				CURRENT_PROJECT_VERSION = 4;
				DEVELOPMENT_TEAM = KNK3WJA66N;
				INFOPLIST_FILE = HippiesEcosystem/Info.plist;
				IPHONEOS_DEPLOYMENT_TARGET = 9.0;
				LD_RUNPATH_SEARCH_PATHS = "$(inherited) @executable_path/Frameworks";
				PRODUCT_BUNDLE_IDENTIFIER = dcj.Chong500Productions.HippiesEcosystem;
				PRODUCT_NAME = "$(TARGET_NAME)";
				PROVISIONING_PROFILE = "1ac3e88a-3cfd-4165-b969-8c5ee8a91e02";
				PROVISIONING_PROFILE_SPECIFIER = "";
				SWIFT_VERSION = 3.0;
				VERSIONING_SYSTEM = "apple-generic";
			};
			name = "Debug (Staging)";
		};
		92C66EE21EE1370100CA8292 /* Release */ = {
			isa = XCBuildConfiguration;
			baseConfigurationReference = 135E1988B26BD50D4A1461E7 /* Pods-HippiesEcosystem.release.xcconfig */;
			buildSettings = {
				ASSETCATALOG_COMPILER_APPICON_NAME = AppIcon;
				CODE_SIGN_IDENTITY = "iPhone Distribution: Medici Holdings LLC (KNK3WJA66N)";
				CURRENT_PROJECT_VERSION = 4;
				DEVELOPMENT_TEAM = KNK3WJA66N;
				INFOPLIST_FILE = HippiesEcosystem/Info.plist;
				IPHONEOS_DEPLOYMENT_TARGET = 9.0;
				LD_RUNPATH_SEARCH_PATHS = "$(inherited) @executable_path/Frameworks";
				PRODUCT_BUNDLE_IDENTIFIER = dcj.Chong500Productions.HippiesEcosystem;
				PRODUCT_NAME = "$(TARGET_NAME)";
				PROVISIONING_PROFILE = "15dc68ba-8638-4666-a21a-0a27a85ad8dd";
				PROVISIONING_PROFILE_SPECIFIER = "";
				SWIFT_VERSION = 3.0;
				VERSIONING_SYSTEM = "apple-generic";
			};
			name = Release;
		};
/* End XCBuildConfiguration section */

/* Begin XCConfigurationList section */
		92C66EC91EE1370100CA8292 /* Build configuration list for PBXProject "HippiesEcosystem" */ = {
			isa = XCConfigurationList;
			buildConfigurations = (
				92C66EDE1EE1370100CA8292 /* Debug (Staging) */,
				92699F641EE8E94D008EDC56 /* Debug (Production) */,
				92C66EDF1EE1370100CA8292 /* Release */,
			);
			defaultConfigurationIsVisible = 0;
			defaultConfigurationName = Release;
		};
		92C66EE01EE1370100CA8292 /* Build configuration list for PBXNativeTarget "HippiesEcosystem" */ = {
			isa = XCConfigurationList;
			buildConfigurations = (
				92C66EE11EE1370100CA8292 /* Debug (Staging) */,
				92699F651EE8E94D008EDC56 /* Debug (Production) */,
				92C66EE21EE1370100CA8292 /* Release */,
			);
			defaultConfigurationIsVisible = 0;
			defaultConfigurationName = Release;
		};
/* End XCConfigurationList section */
	};
	rootObject = 92C66EC61EE1370100CA8292 /* Project object */;
}
