// !$*UTF8*$!
{
	archiveVersion = 1;
	classes = {
	};
	objectVersion = 46;
	objects = {

/* Begin PBXBuildFile section */
		92C66ED21EE1370100CA8292 /* AppDelegate.swift in Sources */ = {isa = PBXBuildFile; fileRef = 92C66ED11EE1370100CA8292 /* AppDelegate.swift */; };
		92C66ED41EE1370100CA8292 /* SearchProductViewController.swift in Sources */ = {isa = PBXBuildFile; fileRef = 92C66ED31EE1370100CA8292 /* SearchProductViewController.swift */; };
		92C66ED91EE1370100CA8292 /* Assets.xcassets in Resources */ = {isa = PBXBuildFile; fileRef = 92C66ED81EE1370100CA8292 /* Assets.xcassets */; };
		92C66EDC1EE1370100CA8292 /* LaunchScreen.storyboard in Resources */ = {isa = PBXBuildFile; fileRef = 92C66EDA1EE1370100CA8292 /* LaunchScreen.storyboard */; };
		92C66EE71EE1382600CA8292 /* MainSearchingView.swift in Sources */ = {isa = PBXBuildFile; fileRef = 92C66EE61EE1382600CA8292 /* MainSearchingView.swift */; };
/* End PBXBuildFile section */

/* Begin PBXFileReference section */
		92C66ECE1EE1370100CA8292 /* HippiesEcosystem.app */ = {isa = PBXFileReference; explicitFileType = wrapper.application; includeInIndex = 0; path = HippiesEcosystem.app; sourceTree = BUILT_PRODUCTS_DIR; };
		92C66ED11EE1370100CA8292 /* AppDelegate.swift */ = {isa = PBXFileReference; lastKnownFileType = sourcecode.swift; path = AppDelegate.swift; sourceTree = "<group>"; };
		92C66ED31EE1370100CA8292 /* SearchProductViewController.swift */ = {isa = PBXFileReference; lastKnownFileType = sourcecode.swift; path = SearchProductViewController.swift; sourceTree = "<group>"; };
		92C66ED81EE1370100CA8292 /* Assets.xcassets */ = {isa = PBXFileReference; lastKnownFileType = folder.assetcatalog; path = Assets.xcassets; sourceTree = "<group>"; };
		92C66EDB1EE1370100CA8292 /* Base */ = {isa = PBXFileReference; lastKnownFileType = file.storyboard; name = Base; path = Base.lproj/LaunchScreen.storyboard; sourceTree = "<group>"; };
		92C66EDD1EE1370100CA8292 /* Info.plist */ = {isa = PBXFileReference; lastKnownFileType = text.plist.xml; path = Info.plist; sourceTree = "<group>"; };
		92C66EE61EE1382600CA8292 /* MainSearchingView.swift */ = {isa = PBXFileReference; fileEncoding = 4; lastKnownFileType = sourcecode.swift; path = MainSearchingView.swift; sourceTree = "<group>"; };
/* End PBXFileReference section */

/* Begin PBXFrameworksBuildPhase section */
		92C66ECB1EE1370100CA8292 /* Frameworks */ = {
			isa = PBXFrameworksBuildPhase;
			buildActionMask = 2147483647;
			files = (
			);
			runOnlyForDeploymentPostprocessing = 0;
		};
/* End PBXFrameworksBuildPhase section */

/* Begin PBXGroup section */
		92C66EC51EE1370100CA8292 = {
			isa = PBXGroup;
			children = (
				92C66ED01EE1370100CA8292 /* HippiesEcosystem */,
				92C66ECF1EE1370100CA8292 /* Products */,
			);
			sourceTree = "<group>";
		};
		92C66ECF1EE1370100CA8292 /* Products */ = {
			isa = PBXGroup;
			children = (
				92C66ECE1EE1370100CA8292 /* HippiesEcosystem.app */,
			);
			name = Products;
			sourceTree = "<group>";
		};
		92C66ED01EE1370100CA8292 /* HippiesEcosystem */ = {
			isa = PBXGroup;
			children = (
				92C66EE31EE137EA00CA8292 /* Inventory */,
				92C66ED11EE1370100CA8292 /* AppDelegate.swift */,
				92C66ED81EE1370100CA8292 /* Assets.xcassets */,
				92C66EDA1EE1370100CA8292 /* LaunchScreen.storyboard */,
				92C66EDD1EE1370100CA8292 /* Info.plist */,
			);
			path = HippiesEcosystem;
			sourceTree = "<group>";
		};
		92C66EE31EE137EA00CA8292 /* Inventory */ = {
			isa = PBXGroup;
			children = (
				92C66EE51EE1380000CA8292 /* Search */,
				92C66EE41EE137F600CA8292 /* Inputting */,
			);
			name = Inventory;
			sourceTree = "<group>";
		};
		92C66EE41EE137F600CA8292 /* Inputting */ = {
			isa = PBXGroup;
			children = (
				92C66ED31EE1370100CA8292 /* SearchProductViewController.swift */,
			);
			name = Inputting;
			sourceTree = "<group>";
		};
		92C66EE51EE1380000CA8292 /* Search */ = {
			isa = PBXGroup;
			children = (
				92C66EE61EE1382600CA8292 /* MainSearchingView.swift */,
			);
			name = Search;
			sourceTree = "<group>";
		};
/* End PBXGroup section */

/* Begin PBXNativeTarget section */
		92C66ECD1EE1370100CA8292 /* HippiesEcosystem */ = {
			isa = PBXNativeTarget;
			buildConfigurationList = 92C66EE01EE1370100CA8292 /* Build configuration list for PBXNativeTarget "HippiesEcosystem" */;
			buildPhases = (
				92C66ECA1EE1370100CA8292 /* Sources */,
				92C66ECB1EE1370100CA8292 /* Frameworks */,
				92C66ECC1EE1370100CA8292 /* Resources */,
			);
			buildRules = (
			);
			dependencies = (
			);
			name = HippiesEcosystem;
			productName = HippiesEcosystem;
			productReference = 92C66ECE1EE1370100CA8292 /* HippiesEcosystem.app */;
			productType = "com.apple.product-type.application";
		};
/* End PBXNativeTarget section */

/* Begin PBXProject section */
		92C66EC61EE1370100CA8292 /* Project object */ = {
			isa = PBXProject;
			attributes = {
				LastSwiftUpdateCheck = 0830;
				LastUpgradeCheck = 0830;
				ORGANIZATIONNAME = Chong500Productions;
				TargetAttributes = {
					92C66ECD1EE1370100CA8292 = {
						CreatedOnToolsVersion = 8.3.2;
						DevelopmentTeam = KNK3WJA66N;
						ProvisioningStyle = Automatic;
					};
				};
			};
			buildConfigurationList = 92C66EC91EE1370100CA8292 /* Build configuration list for PBXProject "HippiesEcosystem" */;
			compatibilityVersion = "Xcode 3.2";
			developmentRegion = English;
			hasScannedForEncodings = 0;
			knownRegions = (
				en,
				Base,
			);
			mainGroup = 92C66EC51EE1370100CA8292;
			productRefGroup = 92C66ECF1EE1370100CA8292 /* Products */;
			projectDirPath = "";
			projectRoot = "";
			targets = (
				92C66ECD1EE1370100CA8292 /* HippiesEcosystem */,
			);
		};
/* End PBXProject section */

/* Begin PBXResourcesBuildPhase section */
		92C66ECC1EE1370100CA8292 /* Resources */ = {
			isa = PBXResourcesBuildPhase;
			buildActionMask = 2147483647;
			files = (
				92C66EDC1EE1370100CA8292 /* LaunchScreen.storyboard in Resources */,
				92C66ED91EE1370100CA8292 /* Assets.xcassets in Resources */,
			);
			runOnlyForDeploymentPostprocessing = 0;
		};
/* End PBXResourcesBuildPhase section */

/* Begin PBXSourcesBuildPhase section */
		92C66ECA1EE1370100CA8292 /* Sources */ = {
			isa = PBXSourcesBuildPhase;
			buildActionMask = 2147483647;
			files = (
				92C66ED41EE1370100CA8292 /* SearchProductViewController.swift in Sources */,
				92C66EE71EE1382600CA8292 /* MainSearchingView.swift in Sources */,
				92C66ED21EE1370100CA8292 /* AppDelegate.swift in Sources */,
			);
			runOnlyForDeploymentPostprocessing = 0;
		};
/* End PBXSourcesBuildPhase section */

/* Begin PBXVariantGroup section */
		92C66EDA1EE1370100CA8292 /* LaunchScreen.storyboard */ = {
			isa = PBXVariantGroup;
			children = (
				92C66EDB1EE1370100CA8292 /* Base */,
			);
			name = LaunchScreen.storyboard;
			sourceTree = "<group>";
		};
/* End PBXVariantGroup section */

/* Begin XCBuildConfiguration section */
		92C66EDE1EE1370100CA8292 /* Debug */ = {
			isa = XCBuildConfiguration;
			buildSettings = {
				ALWAYS_SEARCH_USER_PATHS = NO;
				CLANG_ANALYZER_NONNULL = YES;
				CLANG_ANALYZER_NUMBER_OBJECT_CONVERSION = YES_AGGRESSIVE;
				CLANG_CXX_LANGUAGE_STANDARD = "gnu++0x";
				CLANG_CXX_LIBRARY = "libc++";
				CLANG_ENABLE_MODULES = YES;
				CLANG_ENABLE_OBJC_ARC = YES;
				CLANG_WARN_BOOL_CONVERSION = YES;
				CLANG_WARN_CONSTANT_CONVERSION = YES;
				CLANG_WARN_DIRECT_OBJC_ISA_USAGE = YES_ERROR;
				CLANG_WARN_DOCUMENTATION_COMMENTS = YES;
				CLANG_WARN_EMPTY_BODY = YES;
				CLANG_WARN_ENUM_CONVERSION = YES;
				CLANG_WARN_INFINITE_RECURSION = YES;
				CLANG_WARN_INT_CONVERSION = YES;
				CLANG_WARN_OBJC_ROOT_CLASS = YES_ERROR;
				CLANG_WARN_SUSPICIOUS_MOVE = YES;
				CLANG_WARN_UNREACHABLE_CODE = YES;
				CLANG_WARN__DUPLICATE_METHOD_MATCH = YES;
				"CODE_SIGN_IDENTITY[sdk=iphoneos*]" = "iPhone Developer";
				COPY_PHASE_STRIP = NO;
				DEBUG_INFORMATION_FORMAT = dwarf;
				ENABLE_STRICT_OBJC_MSGSEND = YES;
				ENABLE_TESTABILITY = YES;
				GCC_C_LANGUAGE_STANDARD = gnu99;
				GCC_DYNAMIC_NO_PIC = NO;
				GCC_NO_COMMON_BLOCKS = YES;
				GCC_OPTIMIZATION_LEVEL = 0;
				GCC_PREPROCESSOR_DEFINITIONS = (
					"DEBUG=1",
					"$(inherited)",
				);
				GCC_WARN_64_TO_32_BIT_CONVERSION = YES;
				GCC_WARN_ABOUT_RETURN_TYPE = YES_ERROR;
				GCC_WARN_UNDECLARED_SELECTOR = YES;
				GCC_WARN_UNINITIALIZED_AUTOS = YES_AGGRESSIVE;
				GCC_WARN_UNUSED_FUNCTION = YES;
				GCC_WARN_UNUSED_VARIABLE = YES;
				IPHONEOS_DEPLOYMENT_TARGET = 10.3;
				MTL_ENABLE_DEBUG_INFO = YES;
				ONLY_ACTIVE_ARCH = YES;
				SDKROOT = iphoneos;
				SWIFT_ACTIVE_COMPILATION_CONDITIONS = DEBUG;
				SWIFT_OPTIMIZATION_LEVEL = "-Onone";
			};
			name = Debug;
		};
		92C66EDF1EE1370100CA8292 /* Release */ = {
			isa = XCBuildConfiguration;
			buildSettings = {
				ALWAYS_SEARCH_USER_PATHS = NO;
				CLANG_ANALYZER_NONNULL = YES;
				CLANG_ANALYZER_NUMBER_OBJECT_CONVERSION = YES_AGGRESSIVE;
				CLANG_CXX_LANGUAGE_STANDARD = "gnu++0x";
				CLANG_CXX_LIBRARY = "libc++";
				CLANG_ENABLE_MODULES = YES;
				CLANG_ENABLE_OBJC_ARC = YES;
				CLANG_WARN_BOOL_CONVERSION = YES;
				CLANG_WARN_CONSTANT_CONVERSION = YES;
				CLANG_WARN_DIRECT_OBJC_ISA_USAGE = YES_ERROR;
				CLANG_WARN_DOCUMENTATION_COMMENTS = YES;
				CLANG_WARN_EMPTY_BODY = YES;
				CLANG_WARN_ENUM_CONVERSION = YES;
				CLANG_WARN_INFINITE_RECURSION = YES;
				CLANG_WARN_INT_CONVERSION = YES;
				CLANG_WARN_OBJC_ROOT_CLASS = YES_ERROR;
				CLANG_WARN_SUSPICIOUS_MOVE = YES;
				CLANG_WARN_UNREACHABLE_CODE = YES;
				CLANG_WARN__DUPLICATE_METHOD_MATCH = YES;
				"CODE_SIGN_IDENTITY[sdk=iphoneos*]" = "iPhone Developer";
				COPY_PHASE_STRIP = NO;
				DEBUG_INFORMATION_FORMAT = "dwarf-with-dsym";
				ENABLE_NS_ASSERTIONS = NO;
				ENABLE_STRICT_OBJC_MSGSEND = YES;
				GCC_C_LANGUAGE_STANDARD = gnu99;
				GCC_NO_COMMON_BLOCKS = YES;
				GCC_WARN_64_TO_32_BIT_CONVERSION = YES;
				GCC_WARN_ABOUT_RETURN_TYPE = YES_ERROR;
				GCC_WARN_UNDECLARED_SELECTOR = YES;
				GCC_WARN_UNINITIALIZED_AUTOS = YES_AGGRESSIVE;
				GCC_WARN_UNUSED_FUNCTION = YES;
				GCC_WARN_UNUSED_VARIABLE = YES;
				IPHONEOS_DEPLOYMENT_TARGET = 10.3;
				MTL_ENABLE_DEBUG_INFO = NO;
				SDKROOT = iphoneos;
				SWIFT_OPTIMIZATION_LEVEL = "-Owholemodule";
				VALIDATE_PRODUCT = YES;
			};
			name = Release;
		};
		92C66EE11EE1370100CA8292 /* Debug */ = {
			isa = XCBuildConfiguration;
			buildSettings = {
				ASSETCATALOG_COMPILER_APPICON_NAME = AppIcon;
				DEVELOPMENT_TEAM = KNK3WJA66N;
				INFOPLIST_FILE = HippiesEcosystem/Info.plist;
				LD_RUNPATH_SEARCH_PATHS = "$(inherited) @executable_path/Frameworks";
				PRODUCT_BUNDLE_IDENTIFIER = dcj.Chong500Productions.HippiesEcosystem;
				PRODUCT_NAME = "$(TARGET_NAME)";
				SWIFT_VERSION = 3.0;
			};
			name = Debug;
		};
		92C66EE21EE1370100CA8292 /* Release */ = {
			isa = XCBuildConfiguration;
			buildSettings = {
				ASSETCATALOG_COMPILER_APPICON_NAME = AppIcon;
				DEVELOPMENT_TEAM = KNK3WJA66N;
				INFOPLIST_FILE = HippiesEcosystem/Info.plist;
				LD_RUNPATH_SEARCH_PATHS = "$(inherited) @executable_path/Frameworks";
				PRODUCT_BUNDLE_IDENTIFIER = dcj.Chong500Productions.HippiesEcosystem;
				PRODUCT_NAME = "$(TARGET_NAME)";
				SWIFT_VERSION = 3.0;
			};
			name = Release;
		};
/* End XCBuildConfiguration section */

/* Begin XCConfigurationList section */
		92C66EC91EE1370100CA8292 /* Build configuration list for PBXProject "HippiesEcosystem" */ = {
			isa = XCConfigurationList;
			buildConfigurations = (
				92C66EDE1EE1370100CA8292 /* Debug */,
				92C66EDF1EE1370100CA8292 /* Release */,
			);
			defaultConfigurationIsVisible = 0;
			defaultConfigurationName = Release;
		};
		92C66EE01EE1370100CA8292 /* Build configuration list for PBXNativeTarget "HippiesEcosystem" */ = {
			isa = XCConfigurationList;
			buildConfigurations = (
				92C66EE11EE1370100CA8292 /* Debug */,
				92C66EE21EE1370100CA8292 /* Release */,
			);
			defaultConfigurationIsVisible = 0;
		};
/* End XCConfigurationList section */
	};
	rootObject = 92C66EC61EE1370100CA8292 /* Project object */;
}
